// !$*UTF8*$!
{
	archiveVersion = 1;
	classes = {
	};
	objectVersion = 56;
	objects = {

/* Begin PBXBuildFile section */
		D87AD560297818990020268F /* editViewController.m in Sources */ = {isa = PBXBuildFile; fileRef = D87AD55F297818990020268F /* editViewController.m */; };
		D887C26829769F9700CFE20E /* AppDelegate.m in Sources */ = {isa = PBXBuildFile; fileRef = D887C26729769F9700CFE20E /* AppDelegate.m */; };
		D887C26B29769F9700CFE20E /* SceneDelegate.m in Sources */ = {isa = PBXBuildFile; fileRef = D887C26A29769F9700CFE20E /* SceneDelegate.m */; };
		D887C26E29769F9700CFE20E /* ViewController.m in Sources */ = {isa = PBXBuildFile; fileRef = D887C26D29769F9700CFE20E /* ViewController.m */; };
		D887C27129769F9700CFE20E /* Main.storyboard in Resources */ = {isa = PBXBuildFile; fileRef = D887C26F29769F9700CFE20E /* Main.storyboard */; };
		D887C27329769F9900CFE20E /* Assets.xcassets in Resources */ = {isa = PBXBuildFile; fileRef = D887C27229769F9900CFE20E /* Assets.xcassets */; };
		D887C27629769F9900CFE20E /* LaunchScreen.storyboard in Resources */ = {isa = PBXBuildFile; fileRef = D887C27429769F9900CFE20E /* LaunchScreen.storyboard */; };
		D887C27929769F9900CFE20E /* main.m in Sources */ = {isa = PBXBuildFile; fileRef = D887C27829769F9900CFE20E /* main.m */; };
		D887C2812976B84700CFE20E /* progressViewController.m in Sources */ = {isa = PBXBuildFile; fileRef = D887C2802976B84700CFE20E /* progressViewController.m */; };
		D887C2842976BA5200CFE20E /* DoneViewController.m in Sources */ = {isa = PBXBuildFile; fileRef = D887C2832976BA5200CFE20E /* DoneViewController.m */; };
		D887C2872976BACC00CFE20E /* AddViewController.m in Sources */ = {isa = PBXBuildFile; fileRef = D887C2862976BACC00CFE20E /* AddViewController.m */; };
		D887C28D2976C7F800CFE20E /* MyTodo.m in Sources */ = {isa = PBXBuildFile; fileRef = D887C28C2976C7F800CFE20E /* MyTodo.m */; };
/* End PBXBuildFile section */

/* Begin PBXFileReference section */
		D87AD55E297818990020268F /* editViewController.h */ = {isa = PBXFileReference; lastKnownFileType = sourcecode.c.h; path = editViewController.h; sourceTree = "<group>"; };
		D87AD55F297818990020268F /* editViewController.m */ = {isa = PBXFileReference; lastKnownFileType = sourcecode.c.objc; path = editViewController.m; sourceTree = "<group>"; };
		D887C26329769F9700CFE20E /* TodoApp.app */ = {isa = PBXFileReference; explicitFileType = wrapper.application; includeInIndex = 0; path = TodoApp.app; sourceTree = BUILT_PRODUCTS_DIR; };
		D887C26629769F9700CFE20E /* AppDelegate.h */ = {isa = PBXFileReference; lastKnownFileType = sourcecode.c.h; path = AppDelegate.h; sourceTree = "<group>"; };
		D887C26729769F9700CFE20E /* AppDelegate.m */ = {isa = PBXFileReference; lastKnownFileType = sourcecode.c.objc; path = AppDelegate.m; sourceTree = "<group>"; };
		D887C26929769F9700CFE20E /* SceneDelegate.h */ = {isa = PBXFileReference; lastKnownFileType = sourcecode.c.h; path = SceneDelegate.h; sourceTree = "<group>"; };
		D887C26A29769F9700CFE20E /* SceneDelegate.m */ = {isa = PBXFileReference; lastKnownFileType = sourcecode.c.objc; path = SceneDelegate.m; sourceTree = "<group>"; };
		D887C26C29769F9700CFE20E /* ViewController.h */ = {isa = PBXFileReference; lastKnownFileType = sourcecode.c.h; path = ViewController.h; sourceTree = "<group>"; };
		D887C26D29769F9700CFE20E /* ViewController.m */ = {isa = PBXFileReference; lastKnownFileType = sourcecode.c.objc; path = ViewController.m; sourceTree = "<group>"; };
		D887C27029769F9700CFE20E /* Base */ = {isa = PBXFileReference; lastKnownFileType = file.storyboard; name = Base; path = Base.lproj/Main.storyboard; sourceTree = "<group>"; };
		D887C27229769F9900CFE20E /* Assets.xcassets */ = {isa = PBXFileReference; lastKnownFileType = folder.assetcatalog; path = Assets.xcassets; sourceTree = "<group>"; };
		D887C27529769F9900CFE20E /* Base */ = {isa = PBXFileReference; lastKnownFileType = file.storyboard; name = Base; path = Base.lproj/LaunchScreen.storyboard; sourceTree = "<group>"; };
		D887C27729769F9900CFE20E /* Info.plist */ = {isa = PBXFileReference; lastKnownFileType = text.plist.xml; path = Info.plist; sourceTree = "<group>"; };
		D887C27829769F9900CFE20E /* main.m */ = {isa = PBXFileReference; lastKnownFileType = sourcecode.c.objc; path = main.m; sourceTree = "<group>"; };
		D887C27F2976B84700CFE20E /* progressViewController.h */ = {isa = PBXFileReference; lastKnownFileType = sourcecode.c.h; path = progressViewController.h; sourceTree = "<group>"; };
		D887C2802976B84700CFE20E /* progressViewController.m */ = {isa = PBXFileReference; lastKnownFileType = sourcecode.c.objc; path = progressViewController.m; sourceTree = "<group>"; };
		D887C2822976BA5200CFE20E /* DoneViewController.h */ = {isa = PBXFileReference; lastKnownFileType = sourcecode.c.h; path = DoneViewController.h; sourceTree = "<group>"; };
		D887C2832976BA5200CFE20E /* DoneViewController.m */ = {isa = PBXFileReference; lastKnownFileType = sourcecode.c.objc; path = DoneViewController.m; sourceTree = "<group>"; };
		D887C2852976BACC00CFE20E /* AddViewController.h */ = {isa = PBXFileReference; lastKnownFileType = sourcecode.c.h; path = AddViewController.h; sourceTree = "<group>"; };
		D887C2862976BACC00CFE20E /* AddViewController.m */ = {isa = PBXFileReference; lastKnownFileType = sourcecode.c.objc; path = AddViewController.m; sourceTree = "<group>"; };
		D887C28B2976C7F800CFE20E /* MyTodo.h */ = {isa = PBXFileReference; lastKnownFileType = sourcecode.c.h; path = MyTodo.h; sourceTree = "<group>"; };
		D887C28C2976C7F800CFE20E /* MyTodo.m */ = {isa = PBXFileReference; lastKnownFileType = sourcecode.c.objc; path = MyTodo.m; sourceTree = "<group>"; };
/* End PBXFileReference section */

/* Begin PBXFrameworksBuildPhase section */
		D887C26029769F9700CFE20E /* Frameworks */ = {
			isa = PBXFrameworksBuildPhase;
			buildActionMask = 2147483647;
			files = (
			);
			runOnlyForDeploymentPostprocessing = 0;
		};
/* End PBXFrameworksBuildPhase section */

/* Begin PBXGroup section */
		D887C25A29769F9700CFE20E = {
			isa = PBXGroup;
			children = (
				D887C26529769F9700CFE20E /* TodoApp */,
				D887C26429769F9700CFE20E /* Products */,
			);
			sourceTree = "<group>";
		};
		D887C26429769F9700CFE20E /* Products */ = {
			isa = PBXGroup;
			children = (
				D887C26329769F9700CFE20E /* TodoApp.app */,
			);
			name = Products;
			sourceTree = "<group>";
		};
		D887C26529769F9700CFE20E /* TodoApp */ = {
			isa = PBXGroup;
			children = (
				D887C26629769F9700CFE20E /* AppDelegate.h */,
				D887C26729769F9700CFE20E /* AppDelegate.m */,
				D887C26929769F9700CFE20E /* SceneDelegate.h */,
				D887C26A29769F9700CFE20E /* SceneDelegate.m */,
				D887C26C29769F9700CFE20E /* ViewController.h */,
				D887C26D29769F9700CFE20E /* ViewController.m */,
				D887C26F29769F9700CFE20E /* Main.storyboard */,
				D887C27229769F9900CFE20E /* Assets.xcassets */,
				D887C27429769F9900CFE20E /* LaunchScreen.storyboard */,
				D887C27729769F9900CFE20E /* Info.plist */,
				D887C27829769F9900CFE20E /* main.m */,
				D887C27F2976B84700CFE20E /* progressViewController.h */,
				D887C2802976B84700CFE20E /* progressViewController.m */,
				D887C2822976BA5200CFE20E /* DoneViewController.h */,
				D887C2832976BA5200CFE20E /* DoneViewController.m */,
				D887C2852976BACC00CFE20E /* AddViewController.h */,
				D887C2862976BACC00CFE20E /* AddViewController.m */,
				D887C28B2976C7F800CFE20E /* MyTodo.h */,
				D887C28C2976C7F800CFE20E /* MyTodo.m */,
				D87AD55E297818990020268F /* editViewController.h */,
				D87AD55F297818990020268F /* editViewController.m */,
			);
			path = TodoApp;
			sourceTree = "<group>";
		};
/* End PBXGroup section */

/* Begin PBXNativeTarget section */
		D887C26229769F9700CFE20E /* TodoApp */ = {
			isa = PBXNativeTarget;
			buildConfigurationList = D887C27C29769F9900CFE20E /* Build configuration list for PBXNativeTarget "TodoApp" */;
			buildPhases = (
				D887C25F29769F9700CFE20E /* Sources */,
				D887C26029769F9700CFE20E /* Frameworks */,
				D887C26129769F9700CFE20E /* Resources */,
			);
			buildRules = (
			);
			dependencies = (
			);
			name = TodoApp;
			productName = TodoApp;
			productReference = D887C26329769F9700CFE20E /* TodoApp.app */;
			productType = "com.apple.product-type.application";
		};
/* End PBXNativeTarget section */

/* Begin PBXProject section */
		D887C25B29769F9700CFE20E /* Project object */ = {
			isa = PBXProject;
			attributes = {
				BuildIndependentTargetsInParallel = 1;
				LastUpgradeCheck = 1410;
				TargetAttributes = {
					D887C26229769F9700CFE20E = {
						CreatedOnToolsVersion = 14.1;
					};
				};
			};
			buildConfigurationList = D887C25E29769F9700CFE20E /* Build configuration list for PBXProject "TodoApp" */;
			compatibilityVersion = "Xcode 14.0";
			developmentRegion = en;
			hasScannedForEncodings = 0;
			knownRegions = (
				en,
				Base,
			);
			mainGroup = D887C25A29769F9700CFE20E;
			productRefGroup = D887C26429769F9700CFE20E /* Products */;
			projectDirPath = "";
			projectRoot = "";
			targets = (
				D887C26229769F9700CFE20E /* TodoApp */,
			);
		};
/* End PBXProject section */

/* Begin PBXResourcesBuildPhase section */
		D887C26129769F9700CFE20E /* Resources */ = {
			isa = PBXResourcesBuildPhase;
			buildActionMask = 2147483647;
			files = (
				D887C27629769F9900CFE20E /* LaunchScreen.storyboard in Resources */,
				D887C27329769F9900CFE20E /* Assets.xcassets in Resources */,
				D887C27129769F9700CFE20E /* Main.storyboard in Resources */,
			);
			runOnlyForDeploymentPostprocessing = 0;
		};
/* End PBXResourcesBuildPhase section */

/* Begin PBXSourcesBuildPhase section */
		D887C25F29769F9700CFE20E /* Sources */ = {
			isa = PBXSourcesBuildPhase;
			buildActionMask = 2147483647;
			files = (
				D887C2842976BA5200CFE20E /* DoneViewController.m in Sources */,
				D87AD560297818990020268F /* editViewController.m in Sources */,
				D887C26E29769F9700CFE20E /* ViewController.m in Sources */,
				D887C26829769F9700CFE20E /* AppDelegate.m in Sources */,
				D887C2872976BACC00CFE20E /* AddViewController.m in Sources */,
				D887C27929769F9900CFE20E /* main.m in Sources */,
				D887C2812976B84700CFE20E /* progressViewController.m in Sources */,
				D887C26B29769F9700CFE20E /* SceneDelegate.m in Sources */,
				D887C28D2976C7F800CFE20E /* MyTodo.m in Sources */,
			);
			runOnlyForDeploymentPostprocessing = 0;
		};
/* End PBXSourcesBuildPhase section */

/* Begin PBXVariantGroup section */
		D887C26F29769F9700CFE20E /* Main.storyboard */ = {
			isa = PBXVariantGroup;
			children = (
				D887C27029769F9700CFE20E /* Base */,
			);
			name = Main.storyboard;
			sourceTree = "<group>";
		};
		D887C27429769F9900CFE20E /* LaunchScreen.storyboard */ = {
			isa = PBXVariantGroup;
			children = (
				D887C27529769F9900CFE20E /* Base */,
			);
			name = LaunchScreen.storyboard;
			sourceTree = "<group>";
		};
/* End PBXVariantGroup section */

/* Begin XCBuildConfiguration section */
		D887C27A29769F9900CFE20E /* Debug */ = {
			isa = XCBuildConfiguration;
			buildSettings = {
				ALWAYS_SEARCH_USER_PATHS = NO;
				CLANG_ANALYZER_NONNULL = YES;
				CLANG_ANALYZER_NUMBER_OBJECT_CONVERSION = YES_AGGRESSIVE;
				CLANG_CXX_LANGUAGE_STANDARD = "gnu++20";
				CLANG_ENABLE_MODULES = YES;
				CLANG_ENABLE_OBJC_ARC = YES;
				CLANG_ENABLE_OBJC_WEAK = YES;
				CLANG_WARN_BLOCK_CAPTURE_AUTORELEASING = YES;
				CLANG_WARN_BOOL_CONVERSION = YES;
				CLANG_WARN_COMMA = YES;
				CLANG_WARN_CONSTANT_CONVERSION = YES;
				CLANG_WARN_DEPRECATED_OBJC_IMPLEMENTATIONS = YES;
				CLANG_WARN_DIRECT_OBJC_ISA_USAGE = YES_ERROR;
				CLANG_WARN_DOCUMENTATION_COMMENTS = YES;
				CLANG_WARN_EMPTY_BODY = YES;
				CLANG_WARN_ENUM_CONVERSION = YES;
				CLANG_WARN_INFINITE_RECURSION = YES;
				CLANG_WARN_INT_CONVERSION = YES;
				CLANG_WARN_NON_LITERAL_NULL_CONVERSION = YES;
				CLANG_WARN_OBJC_IMPLICIT_RETAIN_SELF = YES;
				CLANG_WARN_OBJC_LITERAL_CONVERSION = YES;
				CLANG_WARN_OBJC_ROOT_CLASS = YES_ERROR;
				CLANG_WARN_QUOTED_INCLUDE_IN_FRAMEWORK_HEADER = YES;
				CLANG_WARN_RANGE_LOOP_ANALYSIS = YES;
				CLANG_WARN_STRICT_PROTOTYPES = YES;
				CLANG_WARN_SUSPICIOUS_MOVE = YES;
				CLANG_WARN_UNGUARDED_AVAILABILITY = YES_AGGRESSIVE;
				CLANG_WARN_UNREACHABLE_CODE = YES;
				CLANG_WARN__DUPLICATE_METHOD_MATCH = YES;
				COPY_PHASE_STRIP = NO;
				DEBUG_INFORMATION_FORMAT = dwarf;
				ENABLE_STRICT_OBJC_MSGSEND = YES;
				ENABLE_TESTABILITY = YES;
				GCC_C_LANGUAGE_STANDARD = gnu11;
				GCC_DYNAMIC_NO_PIC = NO;
				GCC_NO_COMMON_BLOCKS = YES;
				GCC_OPTIMIZATION_LEVEL = 0;
				GCC_PREPROCESSOR_DEFINITIONS = (
					"DEBUG=1",
					"$(inherited)",
				);
				GCC_WARN_64_TO_32_BIT_CONVERSION = YES;
				GCC_WARN_ABOUT_RETURN_TYPE = YES_ERROR;
				GCC_WARN_UNDECLARED_SELECTOR = YES;
				GCC_WARN_UNINITIALIZED_AUTOS = YES_AGGRESSIVE;
				GCC_WARN_UNUSED_FUNCTION = YES;
				GCC_WARN_UNUSED_VARIABLE = YES;
				IPHONEOS_DEPLOYMENT_TARGET = 16.1;
				MTL_ENABLE_DEBUG_INFO = INCLUDE_SOURCE;
				MTL_FAST_MATH = YES;
				ONLY_ACTIVE_ARCH = YES;
				SDKROOT = iphoneos;
			};
			name = Debug;
		};
		D887C27B29769F9900CFE20E /* Release */ = {
			isa = XCBuildConfiguration;
			buildSettings = {
				ALWAYS_SEARCH_USER_PATHS = NO;
				CLANG_ANALYZER_NONNULL = YES;
				CLANG_ANALYZER_NUMBER_OBJECT_CONVERSION = YES_AGGRESSIVE;
				CLANG_CXX_LANGUAGE_STANDARD = "gnu++20";
				CLANG_ENABLE_MODULES = YES;
				CLANG_ENABLE_OBJC_ARC = YES;
				CLANG_ENABLE_OBJC_WEAK = YES;
				CLANG_WARN_BLOCK_CAPTURE_AUTORELEASING = YES;
				CLANG_WARN_BOOL_CONVERSION = YES;
				CLANG_WARN_COMMA = YES;
				CLANG_WARN_CONSTANT_CONVERSION = YES;
				CLANG_WARN_DEPRECATED_OBJC_IMPLEMENTATIONS = YES;
				CLANG_WARN_DIRECT_OBJC_ISA_USAGE = YES_ERROR;
				CLANG_WARN_DOCUMENTATION_COMMENTS = YES;
				CLANG_WARN_EMPTY_BODY = YES;
				CLANG_WARN_ENUM_CONVERSION = YES;
				CLANG_WARN_INFINITE_RECURSION = YES;
				CLANG_WARN_INT_CONVERSION = YES;
				CLANG_WARN_NON_LITERAL_NULL_CONVERSION = YES;
				CLANG_WARN_OBJC_IMPLICIT_RETAIN_SELF = YES;
				CLANG_WARN_OBJC_LITERAL_CONVERSION = YES;
				CLANG_WARN_OBJC_ROOT_CLASS = YES_ERROR;
				CLANG_WARN_QUOTED_INCLUDE_IN_FRAMEWORK_HEADER = YES;
				CLANG_WARN_RANGE_LOOP_ANALYSIS = YES;
				CLANG_WARN_STRICT_PROTOTYPES = YES;
				CLANG_WARN_SUSPICIOUS_MOVE = YES;
				CLANG_WARN_UNGUARDED_AVAILABILITY = YES_AGGRESSIVE;
				CLANG_WARN_UNREACHABLE_CODE = YES;
				CLANG_WARN__DUPLICATE_METHOD_MATCH = YES;
				COPY_PHASE_STRIP = NO;
				DEBUG_INFORMATION_FORMAT = "dwarf-with-dsym";
				ENABLE_NS_ASSERTIONS = NO;
				ENABLE_STRICT_OBJC_MSGSEND = YES;
				GCC_C_LANGUAGE_STANDARD = gnu11;
				GCC_NO_COMMON_BLOCKS = YES;
				GCC_WARN_64_TO_32_BIT_CONVERSION = YES;
				GCC_WARN_ABOUT_RETURN_TYPE = YES_ERROR;
				GCC_WARN_UNDECLARED_SELECTOR = YES;
				GCC_WARN_UNINITIALIZED_AUTOS = YES_AGGRESSIVE;
				GCC_WARN_UNUSED_FUNCTION = YES;
				GCC_WARN_UNUSED_VARIABLE = YES;
				IPHONEOS_DEPLOYMENT_TARGET = 16.1;
				MTL_ENABLE_DEBUG_INFO = NO;
				MTL_FAST_MATH = YES;
				SDKROOT = iphoneos;
				VALIDATE_PRODUCT = YES;
			};
			name = Release;
		};
		D887C27D29769F9900CFE20E /* Debug */ = {
			isa = XCBuildConfiguration;
			buildSettings = {
				ASSETCATALOG_COMPILER_APPICON_NAME = AppIcon;
				ASSETCATALOG_COMPILER_GLOBAL_ACCENT_COLOR_NAME = AccentColor;
				CODE_SIGN_STYLE = Automatic;
				CURRENT_PROJECT_VERSION = 1;
				GENERATE_INFOPLIST_FILE = YES;
				INFOPLIST_FILE = TodoApp/Info.plist;
				INFOPLIST_KEY_UIApplicationSupportsIndirectInputEvents = YES;
				INFOPLIST_KEY_UILaunchStoryboardName = LaunchScreen;
				INFOPLIST_KEY_UIMainStoryboardFile = Main;
				INFOPLIST_KEY_UISupportedInterfaceOrientations_iPad = "UIInterfaceOrientationPortrait UIInterfaceOrientationPortraitUpsideDown UIInterfaceOrientationLandscapeLeft UIInterfaceOrientationLandscapeRight";
				INFOPLIST_KEY_UISupportedInterfaceOrientations_iPhone = "UIInterfaceOrientationPortrait UIInterfaceOrientationLandscapeLeft UIInterfaceOrientationLandscapeRight";
				LD_RUNPATH_SEARCH_PATHS = (
					"$(inherited)",
					"@executable_path/Frameworks",
				);
				MARKETING_VERSION = 1.0;
				PRODUCT_BUNDLE_IDENTIFIER = me.TodoApp;
				PRODUCT_NAME = "$(TARGET_NAME)";
				SWIFT_EMIT_LOC_STRINGS = YES;
				TARGETED_DEVICE_FAMILY = "1,2";
			};
			name = Debug;
		};
		D887C27E29769F9900CFE20E /* Release */ = {
			isa = XCBuildConfiguration;
			buildSettings = {
				ASSETCATALOG_COMPILER_APPICON_NAME = AppIcon;
				ASSETCATALOG_COMPILER_GLOBAL_ACCENT_COLOR_NAME = AccentColor;
				CODE_SIGN_STYLE = Automatic;
				CURRENT_PROJECT_VERSION = 1;
				GENERATE_INFOPLIST_FILE = YES;
				INFOPLIST_FILE = TodoApp/Info.plist;
				INFOPLIST_KEY_UIApplicationSupportsIndirectInputEvents = YES;
				INFOPLIST_KEY_UILaunchStoryboardName = LaunchScreen;
				INFOPLIST_KEY_UIMainStoryboardFile = Main;
				INFOPLIST_KEY_UISupportedInterfaceOrientations_iPad = "UIInterfaceOrientationPortrait UIInterfaceOrientationPortraitUpsideDown UIInterfaceOrientationLandscapeLeft UIInterfaceOrientationLandscapeRight";
				INFOPLIST_KEY_UISupportedInterfaceOrientations_iPhone = "UIInterfaceOrientationPortrait UIInterfaceOrientationLandscapeLeft UIInterfaceOrientationLandscapeRight";
				LD_RUNPATH_SEARCH_PATHS = (
					"$(inherited)",
					"@executable_path/Frameworks",
				);
				MARKETING_VERSION = 1.0;
				PRODUCT_BUNDLE_IDENTIFIER = me.TodoApp;
				PRODUCT_NAME = "$(TARGET_NAME)";
				SWIFT_EMIT_LOC_STRINGS = YES;
				TARGETED_DEVICE_FAMILY = "1,2";
			};
			name = Release;
		};
/* End XCBuildConfiguration section */

/* Begin XCConfigurationList section */
		D887C25E29769F9700CFE20E /* Build configuration list for PBXProject "TodoApp" */ = {
			isa = XCConfigurationList;
			buildConfigurations = (
				D887C27A29769F9900CFE20E /* Debug */,
				D887C27B29769F9900CFE20E /* Release */,
			);
			defaultConfigurationIsVisible = 0;
			defaultConfigurationName = Release;
		};
		D887C27C29769F9900CFE20E /* Build configuration list for PBXNativeTarget "TodoApp" */ = {
			isa = XCConfigurationList;
			buildConfigurations = (
				D887C27D29769F9900CFE20E /* Debug */,
				D887C27E29769F9900CFE20E /* Release */,
			);
			defaultConfigurationIsVisible = 0;
			defaultConfigurationName = Release;
		};
/* End XCConfigurationList section */
	};
	rootObject = D887C25B29769F9700CFE20E /* Project object */;
}
